
Microsoft Visual Studio Solution File, Format Version 12.00
# Visual Studio 2013
VisualStudioVersion = 12.0.21005.1
MinimumVisualStudioVersion = 10.0.40219.1
Project("{2150E333-8FDC-42A3-9474-1A3956D46DE8}") = "Presentation", "Presentation", "{A1F4A863-9DB6-47F0-BAB4-5944A9DA1A6C}"
EndProject
Project("{2150E333-8FDC-42A3-9474-1A3956D46DE8}") = "Libraries", "Libraries", "{425A70FB-CB3B-4839-913C-20419063B91A}"
EndProject
Project("{2150E333-8FDC-42A3-9474-1A3956D46DE8}") = "Common", "Common", "{C551E980-21A3-4B60-912C-FC6325B97FBD}"
EndProject
Project("{2150E333-8FDC-42A3-9474-1A3956D46DE8}") = "Schedulers", "Schedulers", "{4BB512AB-F3E6-418D-BEAD-EE785DE0FB13}"
EndProject
Project("{FAE04EC0-301F-11D3-BF4B-00C04F79EFBC}") = "ZEDCS.Web.Admin", "Presentation\ZEDCS.Web.Admin\ZEDCS.Web.Admin.csproj", "{84A9D0C9-67EB-4E2A-ADF9-8A7F3D7CDF7B}"
EndProject
Project("{FAE04EC0-301F-11D3-BF4B-00C04F79EFBC}") = "ZEDCS.Web.MSME", "Presentation\ZEDCS.Web.MSME\ZEDCS.Web.MSME.csproj", "{5A43CFC6-4117-4DDC-9DA3-133A1A2D3546}"
EndProject
Project("{FAE04EC0-301F-11D3-BF4B-00C04F79EFBC}") = "ZEDCS.Web.Api", "Presentation\ZEDCS.Web.Api\ZEDCS.Web.Api.csproj", "{B4838B9F-0609-4FBD-BE5A-58FA1C63AF38}"
EndProject
Project("{FAE04EC0-301F-11D3-BF4B-00C04F79EFBC}") = "ZEDCS.Services", "Libraries\ZEDCS.Services\ZEDCS.Services.csproj", "{DAAE4EB3-E25A-4693-94CB-BE320628EEA6}"
EndProject
Project("{FAE04EC0-301F-11D3-BF4B-00C04F79EFBC}") = "ZEDCS.ResourceAccess", "Libraries\ZEDCS.ResourceAccess\ZEDCS.ResourceAccess.csproj", "{08614938-1A53-4309-B369-AFC12F7C079C}"
EndProject
Project("{FAE04EC0-301F-11D3-BF4B-00C04F79EFBC}") = "ZEDCS.Entities", "Common\ZEDCS.Entities\ZEDCS.Entities.csproj", "{64DD4A2E-28F9-4904-A7D9-B91302EC96BB}"
EndProject
Project("{FAE04EC0-301F-11D3-BF4B-00C04F79EFBC}") = "ZEDCS.Core", "Common\ZEDCS.Core\ZEDCS.Core.csproj", "{830929B1-6A9B-41B5-BA5E-E66291CD2171}"
EndProject
Global
	GlobalSection(SolutionConfigurationPlatforms) = preSolution
		Debug|Any CPU = Debug|Any CPU
		Release|Any CPU = Release|Any CPU
	EndGlobalSection
	GlobalSection(ProjectConfigurationPlatforms) = postSolution
		{84A9D0C9-67EB-4E2A-ADF9-8A7F3D7CDF7B}.Debug|Any CPU.ActiveCfg = Debug|Any CPU
		{84A9D0C9-67EB-4E2A-ADF9-8A7F3D7CDF7B}.Debug|Any CPU.Build.0 = Debug|Any CPU
		{84A9D0C9-67EB-4E2A-ADF9-8A7F3D7CDF7B}.Release|Any CPU.ActiveCfg = Release|Any CPU
		{84A9D0C9-67EB-4E2A-ADF9-8A7F3D7CDF7B}.Release|Any CPU.Build.0 = Release|Any CPU
		{5A43CFC6-4117-4DDC-9DA3-133A1A2D3546}.Debug|Any CPU.ActiveCfg = Debug|Any CPU
		{5A43CFC6-4117-4DDC-9DA3-133A1A2D3546}.Debug|Any CPU.Build.0 = Debug|Any CPU
		{5A43CFC6-4117-4DDC-9DA3-133A1A2D3546}.Release|Any CPU.ActiveCfg = Release|Any CPU
		{5A43CFC6-4117-4DDC-9DA3-133A1A2D3546}.Release|Any CPU.Build.0 = Release|Any CPU
		{B4838B9F-0609-4FBD-BE5A-58FA1C63AF38}.Debug|Any CPU.ActiveCfg = Debug|Any CPU
		{B4838B9F-0609-4FBD-BE5A-58FA1C63AF38}.Debug|Any CPU.Build.0 = Debug|Any CPU
		{B4838B9F-0609-4FBD-BE5A-58FA1C63AF38}.Release|Any CPU.ActiveCfg = Release|Any CPU
		{B4838B9F-0609-4FBD-BE5A-58FA1C63AF38}.Release|Any CPU.Build.0 = Release|Any CPU
		{DAAE4EB3-E25A-4693-94CB-BE320628EEA6}.Debug|Any CPU.ActiveCfg = Debug|Any CPU
		{DAAE4EB3-E25A-4693-94CB-BE320628EEA6}.Debug|Any CPU.Build.0 = Debug|Any CPU
		{DAAE4EB3-E25A-4693-94CB-BE320628EEA6}.Release|Any CPU.ActiveCfg = Release|Any CPU
		{DAAE4EB3-E25A-4693-94CB-BE320628EEA6}.Release|Any CPU.Build.0 = Release|Any CPU
		{08614938-1A53-4309-B369-AFC12F7C079C}.Debug|Any CPU.ActiveCfg = Debug|Any CPU
		{08614938-1A53-4309-B369-AFC12F7C079C}.Debug|Any CPU.Build.0 = Debug|Any CPU
		{08614938-1A53-4309-B369-AFC12F7C079C}.Release|Any CPU.ActiveCfg = Release|Any CPU
		{08614938-1A53-4309-B369-AFC12F7C079C}.Release|Any CPU.Build.0 = Release|Any CPU
		{64DD4A2E-28F9-4904-A7D9-B91302EC96BB}.Debug|Any CPU.ActiveCfg = Debug|Any CPU
		{64DD4A2E-28F9-4904-A7D9-B91302EC96BB}.Debug|Any CPU.Build.0 = Debug|Any CPU
		{64DD4A2E-28F9-4904-A7D9-B91302EC96BB}.Release|Any CPU.ActiveCfg = Release|Any CPU
		{64DD4A2E-28F9-4904-A7D9-B91302EC96BB}.Release|Any CPU.Build.0 = Release|Any CPU
		{830929B1-6A9B-41B5-BA5E-E66291CD2171}.Debug|Any CPU.ActiveCfg = Debug|Any CPU
		{830929B1-6A9B-41B5-BA5E-E66291CD2171}.Debug|Any CPU.Build.0 = Debug|Any CPU
		{830929B1-6A9B-41B5-BA5E-E66291CD2171}.Release|Any CPU.ActiveCfg = Release|Any CPU
		{830929B1-6A9B-41B5-BA5E-E66291CD2171}.Release|Any CPU.Build.0 = Release|Any CPU
	EndGlobalSection
	GlobalSection(SolutionProperties) = preSolution
		HideSolutionNode = FALSE
	EndGlobalSection
	GlobalSection(NestedProjects) = preSolution
		{84A9D0C9-67EB-4E2A-ADF9-8A7F3D7CDF7B} = {A1F4A863-9DB6-47F0-BAB4-5944A9DA1A6C}
		{5A43CFC6-4117-4DDC-9DA3-133A1A2D3546} = {A1F4A863-9DB6-47F0-BAB4-5944A9DA1A6C}
		{B4838B9F-0609-4FBD-BE5A-58FA1C63AF38} = {A1F4A863-9DB6-47F0-BAB4-5944A9DA1A6C}
		{DAAE4EB3-E25A-4693-94CB-BE320628EEA6} = {425A70FB-CB3B-4839-913C-20419063B91A}
		{08614938-1A53-4309-B369-AFC12F7C079C} = {425A70FB-CB3B-4839-913C-20419063B91A}
		{64DD4A2E-28F9-4904-A7D9-B91302EC96BB} = {C551E980-21A3-4B60-912C-FC6325B97FBD}
		{830929B1-6A9B-41B5-BA5E-E66291CD2171} = {C551E980-21A3-4B60-912C-FC6325B97FBD}
	EndGlobalSection
EndGlobal
